{
  "name": "cigua-inv",
  "version": "1.0.0",
  "lockfileVersion": 3,
  "requires": true,
  "packages": {
    "": {
      "name": "cigua-inv",
      "version": "1.0.0",
      "dependencies": {
        "pnpm": "10.33.4"
      },
      "devDependencies": {}
    },
    "node_modules/pnpm": {
      "version": "10.33.4",
      "resolved": "https://registry.npmjs.org/pnpm/-/pnpm-10.33.4.tgz",
      "integrity": "sha512-HGezs1my1AgRm6HtKJ80uPw8aHNBK+xv0mT73IJInlEPy+y5zp0i2ufzt2Jp2EQQRgFL3KU7mXnNelYa1jG4AA==",
      "license": "MIT",
      "bin": {
        "pnpm": "bin/pnpm.cjs",
        "pnpx": "bin/pnpx.cjs"
      },
      "engines": {
        "node": ">=18.12"
      },
      "funding": {
        "url": "https://opencollective.com/pnpm"
      }
    }
  }
}
